
Microsoft Visual Studio Solution File, Format Version 12.00
Project("{FAE04EC0-301F-11D3-BF4B-00C04F79EFBC}") = "WebApp", "WebApp\WebApp.csproj", "{7E517F8F-4E3F-4546-A4CB-24FC869CAFE3}"
EndProject
Project("{FAE04EC0-301F-11D3-BF4B-00C04F79EFBC}") = "Domain", "Domain\Domain.csproj", "{14702ADC-B69E-4933-902D-5E8D874A0598}"
EndProject
Project("{FAE04EC0-301F-11D3-BF4B-00C04F79EFBC}") = "DAL", "DAL\DAL.csproj", "{D2BD35E4-4884-4EB6-BDB0-F1259FFA30D3}"
EndProject
Project("{2150E333-8FDC-42A3-9474-1A3956D46DE8}") = "SolutionItems", "SolutionItems", "{D1CDE88E-066C-4D20-BB87-BB2145771356}"
ProjectSection(SolutionItems) = preProject
	Directory.Build.props = Directory.Build.props
	.gitignore = .gitignore
	.dockerignore = .dockerignore
	Dockerfile = Dockerfile
EndProjectSection
EndProject
Project("{FAE04EC0-301F-11D3-BF4B-00C04F79EFBC}") = "Resources", "Resources\Resources.csproj", "{31F7B48E-BAC9-4912-A5AF-D0EE22CC63B2}"
EndProject
Project("{FAE04EC0-301F-11D3-BF4B-00C04F79EFBC}") = "BLL", "BLL\BLL.csproj", "{70F1A943-1B8C-4B36-9E84-31FC316E364E}"
EndProject
Project("{FAE04EC0-301F-11D3-BF4B-00C04F79EFBC}") = "TestProject", "TestProject\TestProject.csproj", "{5C340727-EBF8-43A9-A8EF-16FF8DE78581}"
EndProject
Project("{FAE04EC0-301F-11D3-BF4B-00C04F79EFBC}") = "Extensions.Base", "Extensions.Base\Extensions.Base.csproj", "{F4CB299E-50AC-431C-8C8E-A4DF246660FB}"
EndProject
Project("{FAE04EC0-301F-11D3-BF4B-00C04F79EFBC}") = "DTO", "DTO\DTO.csproj", "{8CD7480C-9897-4FD3-BBFA-570AF411D1A5}"
EndProject
Global
	GlobalSection(SolutionConfigurationPlatforms) = preSolution
		Debug|Any CPU = Debug|Any CPU
		Release|Any CPU = Release|Any CPU
	EndGlobalSection
	GlobalSection(ProjectConfigurationPlatforms) = postSolution
		{7E517F8F-4E3F-4546-A4CB-24FC869CAFE3}.Debug|Any CPU.ActiveCfg = Debug|Any CPU
		{7E517F8F-4E3F-4546-A4CB-24FC869CAFE3}.Debug|Any CPU.Build.0 = Debug|Any CPU
		{7E517F8F-4E3F-4546-A4CB-24FC869CAFE3}.Release|Any CPU.ActiveCfg = Release|Any CPU
		{7E517F8F-4E3F-4546-A4CB-24FC869CAFE3}.Release|Any CPU.Build.0 = Release|Any CPU
		{14702ADC-B69E-4933-902D-5E8D874A0598}.Debug|Any CPU.ActiveCfg = Debug|Any CPU
		{14702ADC-B69E-4933-902D-5E8D874A0598}.Debug|Any CPU.Build.0 = Debug|Any CPU
		{14702ADC-B69E-4933-902D-5E8D874A0598}.Release|Any CPU.ActiveCfg = Release|Any CPU
		{14702ADC-B69E-4933-902D-5E8D874A0598}.Release|Any CPU.Build.0 = Release|Any CPU
		{D2BD35E4-4884-4EB6-BDB0-F1259FFA30D3}.Debug|Any CPU.ActiveCfg = Debug|Any CPU
		{D2BD35E4-4884-4EB6-BDB0-F1259FFA30D3}.Debug|Any CPU.Build.0 = Debug|Any CPU
		{D2BD35E4-4884-4EB6-BDB0-F1259FFA30D3}.Release|Any CPU.ActiveCfg = Release|Any CPU
		{D2BD35E4-4884-4EB6-BDB0-F1259FFA30D3}.Release|Any CPU.Build.0 = Release|Any CPU
		{31F7B48E-BAC9-4912-A5AF-D0EE22CC63B2}.Debug|Any CPU.ActiveCfg = Debug|Any CPU
		{31F7B48E-BAC9-4912-A5AF-D0EE22CC63B2}.Debug|Any CPU.Build.0 = Debug|Any CPU
		{31F7B48E-BAC9-4912-A5AF-D0EE22CC63B2}.Release|Any CPU.ActiveCfg = Release|Any CPU
		{31F7B48E-BAC9-4912-A5AF-D0EE22CC63B2}.Release|Any CPU.Build.0 = Release|Any CPU
		{70F1A943-1B8C-4B36-9E84-31FC316E364E}.Debug|Any CPU.ActiveCfg = Debug|Any CPU
		{70F1A943-1B8C-4B36-9E84-31FC316E364E}.Debug|Any CPU.Build.0 = Debug|Any CPU
		{70F1A943-1B8C-4B36-9E84-31FC316E364E}.Release|Any CPU.ActiveCfg = Release|Any CPU
		{70F1A943-1B8C-4B36-9E84-31FC316E364E}.Release|Any CPU.Build.0 = Release|Any CPU
		{5C340727-EBF8-43A9-A8EF-16FF8DE78581}.Debug|Any CPU.ActiveCfg = Debug|Any CPU
		{5C340727-EBF8-43A9-A8EF-16FF8DE78581}.Debug|Any CPU.Build.0 = Debug|Any CPU
		{5C340727-EBF8-43A9-A8EF-16FF8DE78581}.Release|Any CPU.ActiveCfg = Release|Any CPU
		{5C340727-EBF8-43A9-A8EF-16FF8DE78581}.Release|Any CPU.Build.0 = Release|Any CPU
		{F4CB299E-50AC-431C-8C8E-A4DF246660FB}.Debug|Any CPU.ActiveCfg = Debug|Any CPU
		{F4CB299E-50AC-431C-8C8E-A4DF246660FB}.Debug|Any CPU.Build.0 = Debug|Any CPU
		{F4CB299E-50AC-431C-8C8E-A4DF246660FB}.Release|Any CPU.ActiveCfg = Release|Any CPU
		{F4CB299E-50AC-431C-8C8E-A4DF246660FB}.Release|Any CPU.Build.0 = Release|Any CPU
		{8CD7480C-9897-4FD3-BBFA-570AF411D1A5}.Debug|Any CPU.ActiveCfg = Debug|Any CPU
		{8CD7480C-9897-4FD3-BBFA-570AF411D1A5}.Debug|Any CPU.Build.0 = Debug|Any CPU
		{8CD7480C-9897-4FD3-BBFA-570AF411D1A5}.Release|Any CPU.ActiveCfg = Release|Any CPU
		{8CD7480C-9897-4FD3-BBFA-570AF411D1A5}.Release|Any CPU.Build.0 = Release|Any CPU
	EndGlobalSection
EndGlobal
